
Microsoft Visual Studio Solution File, Format Version 12.00
# Visual Studio 15
VisualStudioVersion = 15.0.28307.1972
MinimumVisualStudioVersion = 10.0.40219.1
Project("{FAE04EC0-301F-11D3-BF4B-00C04F79EFBC}") = "ArrayClass", "ArrayClass\ArrayClass.csproj", "{A55B8487-1156-4073-B332-C8B23AC74735}"
EndProject
Project("{FAE04EC0-301F-11D3-BF4B-00C04F79EFBC}") = "ArrayClassTests", "ArrayClassTests\ArrayClassTests.csproj", "{F90CF5DC-E7B8-4F81-98E5-C869A57C396A}"
EndProject
Project("{FAE04EC0-301F-11D3-BF4B-00C04F79EFBC}") = "ArrayForm", "ArrayForm\ArrayForm.csproj", "{C2E5A27B-B29A-48B8-A2F2-C2B2C301312D}"
EndProject
Global
	GlobalSection(SolutionConfigurationPlatforms) = preSolution
		Debug|Any CPU = Debug|Any CPU
		Release|Any CPU = Release|Any CPU
	EndGlobalSection
	GlobalSection(ProjectConfigurationPlatforms) = postSolution
		{A55B8487-1156-4073-B332-C8B23AC74735}.Debug|Any CPU.ActiveCfg = Debug|Any CPU
		{A55B8487-1156-4073-B332-C8B23AC74735}.Debug|Any CPU.Build.0 = Debug|Any CPU
		{A55B8487-1156-4073-B332-C8B23AC74735}.Release|Any CPU.ActiveCfg = Release|Any CPU
		{A55B8487-1156-4073-B332-C8B23AC74735}.Release|Any CPU.Build.0 = Release|Any CPU
		{F90CF5DC-E7B8-4F81-98E5-C869A57C396A}.Debug|Any CPU.ActiveCfg = Debug|Any CPU
		{F90CF5DC-E7B8-4F81-98E5-C869A57C396A}.Debug|Any CPU.Build.0 = Debug|Any CPU
		{F90CF5DC-E7B8-4F81-98E5-C869A57C396A}.Release|Any CPU.ActiveCfg = Release|Any CPU
		{F90CF5DC-E7B8-4F81-98E5-C869A57C396A}.Release|Any CPU.Build.0 = Release|Any CPU
		{C2E5A27B-B29A-48B8-A2F2-C2B2C301312D}.Debug|Any CPU.ActiveCfg = Debug|Any CPU
		{C2E5A27B-B29A-48B8-A2F2-C2B2C301312D}.Debug|Any CPU.Build.0 = Debug|Any CPU
		{C2E5A27B-B29A-48B8-A2F2-C2B2C301312D}.Release|Any CPU.ActiveCfg = Release|Any CPU
		{C2E5A27B-B29A-48B8-A2F2-C2B2C301312D}.Release|Any CPU.Build.0 = Release|Any CPU
	EndGlobalSection
	GlobalSection(SolutionProperties) = preSolution
		HideSolutionNode = FALSE
	EndGlobalSection
	GlobalSection(ExtensibilityGlobals) = postSolution
		SolutionGuid = {EFE016FF-8116-47B3-B8EA-4A3C600FC9D5}
	EndGlobalSection
EndGlobal
